
Microsoft Visual Studio Solution File, Format Version 12.00
# Visual Studio 2013
VisualStudioVersion = 12.0.31101.0
MinimumVisualStudioVersion = 10.0.40219.1
Project("{FAE04EC0-301F-11D3-BF4B-00C04F79EFBC}") = "task1", "task1\task1.csproj", "{1B42BC60-F7F3-4670-AE56-71B9CC051495}"
EndProject
Project("{FAE04EC0-301F-11D3-BF4B-00C04F79EFBC}") = "task2", "task2\task2.csproj", "{AC2E7295-F460-41C8-8988-2CACF74C8899}"
EndProject
Project("{FAE04EC0-301F-11D3-BF4B-00C04F79EFBC}") = "task3", "task3\task3.csproj", "{033B562A-0B18-4099-A585-C05C47A75536}"
EndProject
Project("{FAE04EC0-301F-11D3-BF4B-00C04F79EFBC}") = "task4", "task4\task4.csproj", "{93402C7F-83F3-44FC-B30F-CD235964CD58}"
EndProject
Project("{FAE04EC0-301F-11D3-BF4B-00C04F79EFBC}") = "task5", "task5\task5.csproj", "{8E1E0FE7-CC1B-495E-8B48-561474AD1677}"
EndProject
Project("{FAE04EC0-301F-11D3-BF4B-00C04F79EFBC}") = "task6", "task6\task6.csproj", "{2631386E-B418-48B2-81A6-CCA6FFC78CF9}"
EndProject
Project("{FAE04EC0-301F-11D3-BF4B-00C04F79EFBC}") = "task7", "task7\task7.csproj", "{309DD30B-1684-4138-B36B-1B91CBBCCAE5}"
EndProject
Project("{FAE04EC0-301F-11D3-BF4B-00C04F79EFBC}") = "task8", "task8\task8.csproj", "{B317899F-07A3-41A0-AF36-F8177DED405B}"
EndProject
Project("{FAE04EC0-301F-11D3-BF4B-00C04F79EFBC}") = "task9", "task9\task9.csproj", "{1D896FC7-31B9-40AE-BCDA-79D70A4DFC2E}"
EndProject
Project("{FAE04EC0-301F-11D3-BF4B-00C04F79EFBC}") = "task10", "task10\task10.csproj", "{A6551617-4780-4252-BCD6-3A030ECD4110}"
EndProject
Project("{FAE04EC0-301F-11D3-BF4B-00C04F79EFBC}") = "task11", "task11\task11.csproj", "{D4D818AC-BC4C-4FF9-8464-1554C53EF944}"
EndProject
Project("{FAE04EC0-301F-11D3-BF4B-00C04F79EFBC}") = "task12", "task12\task12.csproj", "{16158696-C17C-468C-AEA0-BEEA2AC272A1}"
EndProject
Project("{FAE04EC0-301F-11D3-BF4B-00C04F79EFBC}") = "task13", "task13\task13.csproj", "{A79E130D-084D-429D-AC46-B40344B44D91}"
EndProject
Project("{FAE04EC0-301F-11D3-BF4B-00C04F79EFBC}") = "task14", "task14\task14.csproj", "{4693D0C5-8502-4919-BF5B-7D08E5F9D87D}"
EndProject
Project("{FAE04EC0-301F-11D3-BF4B-00C04F79EFBC}") = "task15", "task15\task15.csproj", "{33DDD4F4-1AF0-4261-A715-BB5AE312848E}"
EndProject
Project("{FAE04EC0-301F-11D3-BF4B-00C04F79EFBC}") = "task16", "task16\task16.csproj", "{CE218EFB-AD44-4A33-9E53-B08EEA693405}"
EndProject
Global
	GlobalSection(SolutionConfigurationPlatforms) = preSolution
		Debug|Any CPU = Debug|Any CPU
		Release|Any CPU = Release|Any CPU
	EndGlobalSection
	GlobalSection(ProjectConfigurationPlatforms) = postSolution
		{1B42BC60-F7F3-4670-AE56-71B9CC051495}.Debug|Any CPU.ActiveCfg = Debug|Any CPU
		{1B42BC60-F7F3-4670-AE56-71B9CC051495}.Debug|Any CPU.Build.0 = Debug|Any CPU
		{1B42BC60-F7F3-4670-AE56-71B9CC051495}.Release|Any CPU.ActiveCfg = Release|Any CPU
		{1B42BC60-F7F3-4670-AE56-71B9CC051495}.Release|Any CPU.Build.0 = Release|Any CPU
		{AC2E7295-F460-41C8-8988-2CACF74C8899}.Debug|Any CPU.ActiveCfg = Debug|Any CPU
		{AC2E7295-F460-41C8-8988-2CACF74C8899}.Debug|Any CPU.Build.0 = Debug|Any CPU
		{AC2E7295-F460-41C8-8988-2CACF74C8899}.Release|Any CPU.ActiveCfg = Release|Any CPU
		{AC2E7295-F460-41C8-8988-2CACF74C8899}.Release|Any CPU.Build.0 = Release|Any CPU
		{033B562A-0B18-4099-A585-C05C47A75536}.Debug|Any CPU.ActiveCfg = Debug|Any CPU
		{033B562A-0B18-4099-A585-C05C47A75536}.Debug|Any CPU.Build.0 = Debug|Any CPU
		{033B562A-0B18-4099-A585-C05C47A75536}.Release|Any CPU.ActiveCfg = Release|Any CPU
		{033B562A-0B18-4099-A585-C05C47A75536}.Release|Any CPU.Build.0 = Release|Any CPU
		{93402C7F-83F3-44FC-B30F-CD235964CD58}.Debug|Any CPU.ActiveCfg = Debug|Any CPU
		{93402C7F-83F3-44FC-B30F-CD235964CD58}.Debug|Any CPU.Build.0 = Debug|Any CPU
		{93402C7F-83F3-44FC-B30F-CD235964CD58}.Release|Any CPU.ActiveCfg = Release|Any CPU
		{93402C7F-83F3-44FC-B30F-CD235964CD58}.Release|Any CPU.Build.0 = Release|Any CPU
		{8E1E0FE7-CC1B-495E-8B48-561474AD1677}.Debug|Any CPU.ActiveCfg = Debug|Any CPU
		{8E1E0FE7-CC1B-495E-8B48-561474AD1677}.Debug|Any CPU.Build.0 = Debug|Any CPU
		{8E1E0FE7-CC1B-495E-8B48-561474AD1677}.Release|Any CPU.ActiveCfg = Release|Any CPU
		{8E1E0FE7-CC1B-495E-8B48-561474AD1677}.Release|Any CPU.Build.0 = Release|Any CPU
		{2631386E-B418-48B2-81A6-CCA6FFC78CF9}.Debug|Any CPU.ActiveCfg = Debug|Any CPU
		{2631386E-B418-48B2-81A6-CCA6FFC78CF9}.Debug|Any CPU.Build.0 = Debug|Any CPU
		{2631386E-B418-48B2-81A6-CCA6FFC78CF9}.Release|Any CPU.ActiveCfg = Release|Any CPU
		{2631386E-B418-48B2-81A6-CCA6FFC78CF9}.Release|Any CPU.Build.0 = Release|Any CPU
		{309DD30B-1684-4138-B36B-1B91CBBCCAE5}.Debug|Any CPU.ActiveCfg = Debug|Any CPU
		{309DD30B-1684-4138-B36B-1B91CBBCCAE5}.Debug|Any CPU.Build.0 = Debug|Any CPU
		{309DD30B-1684-4138-B36B-1B91CBBCCAE5}.Release|Any CPU.ActiveCfg = Release|Any CPU
		{309DD30B-1684-4138-B36B-1B91CBBCCAE5}.Release|Any CPU.Build.0 = Release|Any CPU
		{B317899F-07A3-41A0-AF36-F8177DED405B}.Debug|Any CPU.ActiveCfg = Debug|Any CPU
		{B317899F-07A3-41A0-AF36-F8177DED405B}.Debug|Any CPU.Build.0 = Debug|Any CPU
		{B317899F-07A3-41A0-AF36-F8177DED405B}.Release|Any CPU.ActiveCfg = Release|Any CPU
		{B317899F-07A3-41A0-AF36-F8177DED405B}.Release|Any CPU.Build.0 = Release|Any CPU
		{1D896FC7-31B9-40AE-BCDA-79D70A4DFC2E}.Debug|Any CPU.ActiveCfg = Debug|Any CPU
		{1D896FC7-31B9-40AE-BCDA-79D70A4DFC2E}.Debug|Any CPU.Build.0 = Debug|Any CPU
		{1D896FC7-31B9-40AE-BCDA-79D70A4DFC2E}.Release|Any CPU.ActiveCfg = Release|Any CPU
		{1D896FC7-31B9-40AE-BCDA-79D70A4DFC2E}.Release|Any CPU.Build.0 = Release|Any CPU
		{A6551617-4780-4252-BCD6-3A030ECD4110}.Debug|Any CPU.ActiveCfg = Debug|Any CPU
		{A6551617-4780-4252-BCD6-3A030ECD4110}.Debug|Any CPU.Build.0 = Debug|Any CPU
		{A6551617-4780-4252-BCD6-3A030ECD4110}.Release|Any CPU.ActiveCfg = Release|Any CPU
		{A6551617-4780-4252-BCD6-3A030ECD4110}.Release|Any CPU.Build.0 = Release|Any CPU
		{D4D818AC-BC4C-4FF9-8464-1554C53EF944}.Debug|Any CPU.ActiveCfg = Debug|Any CPU
		{D4D818AC-BC4C-4FF9-8464-1554C53EF944}.Debug|Any CPU.Build.0 = Debug|Any CPU
		{D4D818AC-BC4C-4FF9-8464-1554C53EF944}.Release|Any CPU.ActiveCfg = Release|Any CPU
		{D4D818AC-BC4C-4FF9-8464-1554C53EF944}.Release|Any CPU.Build.0 = Release|Any CPU
		{16158696-C17C-468C-AEA0-BEEA2AC272A1}.Debug|Any CPU.ActiveCfg = Debug|Any CPU
		{16158696-C17C-468C-AEA0-BEEA2AC272A1}.Debug|Any CPU.Build.0 = Debug|Any CPU
		{16158696-C17C-468C-AEA0-BEEA2AC272A1}.Release|Any CPU.ActiveCfg = Release|Any CPU
		{16158696-C17C-468C-AEA0-BEEA2AC272A1}.Release|Any CPU.Build.0 = Release|Any CPU
		{A79E130D-084D-429D-AC46-B40344B44D91}.Debug|Any CPU.ActiveCfg = Debug|Any CPU
		{A79E130D-084D-429D-AC46-B40344B44D91}.Debug|Any CPU.Build.0 = Debug|Any CPU
		{A79E130D-084D-429D-AC46-B40344B44D91}.Release|Any CPU.ActiveCfg = Release|Any CPU
		{A79E130D-084D-429D-AC46-B40344B44D91}.Release|Any CPU.Build.0 = Release|Any CPU
		{4693D0C5-8502-4919-BF5B-7D08E5F9D87D}.Debug|Any CPU.ActiveCfg = Debug|Any CPU
		{4693D0C5-8502-4919-BF5B-7D08E5F9D87D}.Debug|Any CPU.Build.0 = Debug|Any CPU
		{4693D0C5-8502-4919-BF5B-7D08E5F9D87D}.Release|Any CPU.ActiveCfg = Release|Any CPU
		{4693D0C5-8502-4919-BF5B-7D08E5F9D87D}.Release|Any CPU.Build.0 = Release|Any CPU
		{33DDD4F4-1AF0-4261-A715-BB5AE312848E}.Debug|Any CPU.ActiveCfg = Debug|Any CPU
		{33DDD4F4-1AF0-4261-A715-BB5AE312848E}.Debug|Any CPU.Build.0 = Debug|Any CPU
		{33DDD4F4-1AF0-4261-A715-BB5AE312848E}.Release|Any CPU.ActiveCfg = Release|Any CPU
		{33DDD4F4-1AF0-4261-A715-BB5AE312848E}.Release|Any CPU.Build.0 = Release|Any CPU
		{CE218EFB-AD44-4A33-9E53-B08EEA693405}.Debug|Any CPU.ActiveCfg = Debug|Any CPU
		{CE218EFB-AD44-4A33-9E53-B08EEA693405}.Debug|Any CPU.Build.0 = Debug|Any CPU
		{CE218EFB-AD44-4A33-9E53-B08EEA693405}.Release|Any CPU.ActiveCfg = Release|Any CPU
		{CE218EFB-AD44-4A33-9E53-B08EEA693405}.Release|Any CPU.Build.0 = Release|Any CPU
	EndGlobalSection
	GlobalSection(SolutionProperties) = preSolution
		HideSolutionNode = FALSE
	EndGlobalSection
EndGlobal
