
Microsoft Visual Studio Solution File, Format Version 12.00
# Visual Studio Express 2012 for Windows Desktop
Project("{FAE04EC0-301F-11D3-BF4B-00C04F79EFBC}") = "task1", "lab1\task1.csproj", "{CBD23994-621C-483B-8AE3-AAC686FFFFAB}"
EndProject
Project("{FAE04EC0-301F-11D3-BF4B-00C04F79EFBC}") = "task2", "task2\task2.csproj", "{9D3B1BDB-3E59-4609-9A2E-91C37E02B014}"
EndProject
Project("{FAE04EC0-301F-11D3-BF4B-00C04F79EFBC}") = "task3", "task3\task3.csproj", "{E5739D7F-FEB6-41F9-94CC-FAF56620B763}"
EndProject
Project("{FAE04EC0-301F-11D3-BF4B-00C04F79EFBC}") = "task4", "task4\task4.csproj", "{7937D73B-27EE-4407-A937-2F061663F874}"
EndProject
Project("{FAE04EC0-301F-11D3-BF4B-00C04F79EFBC}") = "task5", "task5\task5.csproj", "{6F2B87B9-94B4-4795-A8BA-08DDA75E8FEA}"
EndProject
Project("{FAE04EC0-301F-11D3-BF4B-00C04F79EFBC}") = "task7", "task7\task7.csproj", "{833EA9FE-A415-4B9A-902E-E38BE6A4621F}"
EndProject
Project("{FAE04EC0-301F-11D3-BF4B-00C04F79EFBC}") = "task6", "task6\task6.csproj", "{A7C2793C-1EEA-4DBD-8BD1-645AC975E2B1}"
EndProject
Project("{FAE04EC0-301F-11D3-BF4B-00C04F79EFBC}") = "task8", "tas8\task8.csproj", "{F4232147-B840-4126-BE2A-9182B8DEA3CC}"
EndProject
Project("{FAE04EC0-301F-11D3-BF4B-00C04F79EFBC}") = "task9", "task9\task9.csproj", "{AB295D84-FA8C-45F1-AAF0-3B714BD164F7}"
EndProject
Project("{FAE04EC0-301F-11D3-BF4B-00C04F79EFBC}") = "task10", "task10\task10.csproj", "{F7DFA125-1678-473F-89F1-90682AE5A19B}"
EndProject
Project("{FAE04EC0-301F-11D3-BF4B-00C04F79EFBC}") = "task11", "task11\task11.csproj", "{2CE1C943-35E1-475C-AA51-D69B504E89A9}"
EndProject
Project("{FAE04EC0-301F-11D3-BF4B-00C04F79EFBC}") = "task12", "task12\task12.csproj", "{FF53BA83-5DF5-476F-B67F-8BDA4F6C9A78}"
EndProject
Project("{FAE04EC0-301F-11D3-BF4B-00C04F79EFBC}") = "task13", "task13\task13.csproj", "{06414C59-1B13-46B1-ACD8-9241926781E8}"
EndProject
Project("{FAE04EC0-301F-11D3-BF4B-00C04F79EFBC}") = "task14", "task14\task14.csproj", "{E25365F8-7A54-4DD2-B4CA-B792CA9B4B68}"
EndProject
Project("{FAE04EC0-301F-11D3-BF4B-00C04F79EFBC}") = "task15", "task15\task15.csproj", "{4F4B9E3A-61B7-44BC-9B71-535CF4E6C55B}"
EndProject
Project("{FAE04EC0-301F-11D3-BF4B-00C04F79EFBC}") = "task16", "task16\task16.csproj", "{53908D37-306B-41FD-81EA-3322FB83D341}"
EndProject
Project("{FAE04EC0-301F-11D3-BF4B-00C04F79EFBC}") = "task18", "ConsoleApplication1\task18.csproj", "{D2EE26D6-36D0-421D-8303-CDCE0415690A}"
EndProject
Project("{FAE04EC0-301F-11D3-BF4B-00C04F79EFBC}") = "task19", "task19\task19.csproj", "{018EE734-540B-45F2-87C5-EF186641C6F1}"
EndProject
Project("{FAE04EC0-301F-11D3-BF4B-00C04F79EFBC}") = "task20", "task20\task20.csproj", "{58CBC0E8-305C-4622-8DC1-D0341A74EB20}"
EndProject
Project("{FAE04EC0-301F-11D3-BF4B-00C04F79EFBC}") = "task21", "task21\task21.csproj", "{4BBAD3EC-57BA-4296-B4AE-D2044B891E64}"
EndProject
Project("{FAE04EC0-301F-11D3-BF4B-00C04F79EFBC}") = "task22", "task22\task22.csproj", "{571ACAF4-2929-419C-82D4-C225D89759D4}"
EndProject
Project("{FAE04EC0-301F-11D3-BF4B-00C04F79EFBC}") = "task23", "task23\task23.csproj", "{DC9934BA-D818-4D9F-BC80-0E69383D795D}"
EndProject
Project("{FAE04EC0-301F-11D3-BF4B-00C04F79EFBC}") = "task24", "task24\task24.csproj", "{69599F85-2764-4A72-A25B-F94D3B06F634}"
EndProject
Project("{FAE04EC0-301F-11D3-BF4B-00C04F79EFBC}") = "task25!", "task25\task25!.csproj", "{F6EB6557-AA26-43C8-90BC-FD655E1E345C}"
EndProject
Project("{FAE04EC0-301F-11D3-BF4B-00C04F79EFBC}") = "task26", "task26\task26.csproj", "{017FB9EA-EA41-45B9-9001-9F321F178D02}"
EndProject
Project("{FAE04EC0-301F-11D3-BF4B-00C04F79EFBC}") = "task27!", "task27\task27!.csproj", "{35768B89-5563-4127-BDB8-DB5343966CC9}"
EndProject
Project("{FAE04EC0-301F-11D3-BF4B-00C04F79EFBC}") = "task28", "task28\task28.csproj", "{BE743F32-D94E-4813-BCD3-F4CC8907700C}"
EndProject
Project("{FAE04EC0-301F-11D3-BF4B-00C04F79EFBC}") = "task29", "task29\task29.csproj", "{7E9E3D19-B96B-438B-B14A-F2DC8ED327B7}"
EndProject
Project("{FAE04EC0-301F-11D3-BF4B-00C04F79EFBC}") = "task30!", "task30!\task30!.csproj", "{68E1C8B3-C978-406E-90A7-C289DFD94892}"
EndProject
Project("{FAE04EC0-301F-11D3-BF4B-00C04F79EFBC}") = "task31", "task31\task31.csproj", "{0F2EF7A4-9B84-4A89-B662-5BDB4F375847}"
EndProject
Project("{FAE04EC0-301F-11D3-BF4B-00C04F79EFBC}") = "task32", "task32\task32.csproj", "{136B1658-23E2-4BFC-BE71-C9ABB4A69127}"
EndProject
Project("{FAE04EC0-301F-11D3-BF4B-00C04F79EFBC}") = "task33!", "task33!\task33!.csproj", "{0D046367-3471-4A81-A5DF-3FD68334AC34}"
EndProject
Project("{FAE04EC0-301F-11D3-BF4B-00C04F79EFBC}") = "task34", "task34\task34.csproj", "{92D6F679-820F-4C7C-AB2E-B0D09D09C69B}"
EndProject
Project("{FAE04EC0-301F-11D3-BF4B-00C04F79EFBC}") = "task35", "ефыл35\task35.csproj", "{EFA298AD-B342-43D2-B743-E795DCEC95A8}"
EndProject
Project("{FAE04EC0-301F-11D3-BF4B-00C04F79EFBC}") = "task36", "task36\task36.csproj", "{7E0F7FD4-0CB8-48A8-B1A0-0151FE6E5ECF}"
EndProject
Project("{FAE04EC0-301F-11D3-BF4B-00C04F79EFBC}") = "task37", "task37\task37.csproj", "{CB698C9F-AA09-46AE-9042-DC603E43EA55}"
EndProject
Global
	GlobalSection(SolutionConfigurationPlatforms) = preSolution
		Debug|Any CPU = Debug|Any CPU
		Release|Any CPU = Release|Any CPU
	EndGlobalSection
	GlobalSection(ProjectConfigurationPlatforms) = postSolution
		{CBD23994-621C-483B-8AE3-AAC686FFFFAB}.Debug|Any CPU.ActiveCfg = Debug|Any CPU
		{CBD23994-621C-483B-8AE3-AAC686FFFFAB}.Debug|Any CPU.Build.0 = Debug|Any CPU
		{CBD23994-621C-483B-8AE3-AAC686FFFFAB}.Release|Any CPU.ActiveCfg = Release|Any CPU
		{CBD23994-621C-483B-8AE3-AAC686FFFFAB}.Release|Any CPU.Build.0 = Release|Any CPU
		{9D3B1BDB-3E59-4609-9A2E-91C37E02B014}.Debug|Any CPU.ActiveCfg = Debug|Any CPU
		{9D3B1BDB-3E59-4609-9A2E-91C37E02B014}.Debug|Any CPU.Build.0 = Debug|Any CPU
		{9D3B1BDB-3E59-4609-9A2E-91C37E02B014}.Release|Any CPU.ActiveCfg = Release|Any CPU
		{9D3B1BDB-3E59-4609-9A2E-91C37E02B014}.Release|Any CPU.Build.0 = Release|Any CPU
		{E5739D7F-FEB6-41F9-94CC-FAF56620B763}.Debug|Any CPU.ActiveCfg = Debug|Any CPU
		{E5739D7F-FEB6-41F9-94CC-FAF56620B763}.Debug|Any CPU.Build.0 = Debug|Any CPU
		{E5739D7F-FEB6-41F9-94CC-FAF56620B763}.Release|Any CPU.ActiveCfg = Release|Any CPU
		{E5739D7F-FEB6-41F9-94CC-FAF56620B763}.Release|Any CPU.Build.0 = Release|Any CPU
		{7937D73B-27EE-4407-A937-2F061663F874}.Debug|Any CPU.ActiveCfg = Debug|Any CPU
		{7937D73B-27EE-4407-A937-2F061663F874}.Debug|Any CPU.Build.0 = Debug|Any CPU
		{7937D73B-27EE-4407-A937-2F061663F874}.Release|Any CPU.ActiveCfg = Release|Any CPU
		{7937D73B-27EE-4407-A937-2F061663F874}.Release|Any CPU.Build.0 = Release|Any CPU
		{6F2B87B9-94B4-4795-A8BA-08DDA75E8FEA}.Debug|Any CPU.ActiveCfg = Debug|Any CPU
		{6F2B87B9-94B4-4795-A8BA-08DDA75E8FEA}.Debug|Any CPU.Build.0 = Debug|Any CPU
		{6F2B87B9-94B4-4795-A8BA-08DDA75E8FEA}.Release|Any CPU.ActiveCfg = Release|Any CPU
		{6F2B87B9-94B4-4795-A8BA-08DDA75E8FEA}.Release|Any CPU.Build.0 = Release|Any CPU
		{833EA9FE-A415-4B9A-902E-E38BE6A4621F}.Debug|Any CPU.ActiveCfg = Debug|Any CPU
		{833EA9FE-A415-4B9A-902E-E38BE6A4621F}.Debug|Any CPU.Build.0 = Debug|Any CPU
		{833EA9FE-A415-4B9A-902E-E38BE6A4621F}.Release|Any CPU.ActiveCfg = Release|Any CPU
		{833EA9FE-A415-4B9A-902E-E38BE6A4621F}.Release|Any CPU.Build.0 = Release|Any CPU
		{A7C2793C-1EEA-4DBD-8BD1-645AC975E2B1}.Debug|Any CPU.ActiveCfg = Debug|Any CPU
		{A7C2793C-1EEA-4DBD-8BD1-645AC975E2B1}.Debug|Any CPU.Build.0 = Debug|Any CPU
		{A7C2793C-1EEA-4DBD-8BD1-645AC975E2B1}.Release|Any CPU.ActiveCfg = Release|Any CPU
		{A7C2793C-1EEA-4DBD-8BD1-645AC975E2B1}.Release|Any CPU.Build.0 = Release|Any CPU
		{F4232147-B840-4126-BE2A-9182B8DEA3CC}.Debug|Any CPU.ActiveCfg = Debug|Any CPU
		{F4232147-B840-4126-BE2A-9182B8DEA3CC}.Debug|Any CPU.Build.0 = Debug|Any CPU
		{F4232147-B840-4126-BE2A-9182B8DEA3CC}.Release|Any CPU.ActiveCfg = Release|Any CPU
		{F4232147-B840-4126-BE2A-9182B8DEA3CC}.Release|Any CPU.Build.0 = Release|Any CPU
		{AB295D84-FA8C-45F1-AAF0-3B714BD164F7}.Debug|Any CPU.ActiveCfg = Debug|Any CPU
		{AB295D84-FA8C-45F1-AAF0-3B714BD164F7}.Debug|Any CPU.Build.0 = Debug|Any CPU
		{AB295D84-FA8C-45F1-AAF0-3B714BD164F7}.Release|Any CPU.ActiveCfg = Release|Any CPU
		{AB295D84-FA8C-45F1-AAF0-3B714BD164F7}.Release|Any CPU.Build.0 = Release|Any CPU
		{F7DFA125-1678-473F-89F1-90682AE5A19B}.Debug|Any CPU.ActiveCfg = Debug|Any CPU
		{F7DFA125-1678-473F-89F1-90682AE5A19B}.Debug|Any CPU.Build.0 = Debug|Any CPU
		{F7DFA125-1678-473F-89F1-90682AE5A19B}.Release|Any CPU.ActiveCfg = Release|Any CPU
		{F7DFA125-1678-473F-89F1-90682AE5A19B}.Release|Any CPU.Build.0 = Release|Any CPU
		{2CE1C943-35E1-475C-AA51-D69B504E89A9}.Debug|Any CPU.ActiveCfg = Debug|Any CPU
		{2CE1C943-35E1-475C-AA51-D69B504E89A9}.Debug|Any CPU.Build.0 = Debug|Any CPU
		{2CE1C943-35E1-475C-AA51-D69B504E89A9}.Release|Any CPU.ActiveCfg = Release|Any CPU
		{2CE1C943-35E1-475C-AA51-D69B504E89A9}.Release|Any CPU.Build.0 = Release|Any CPU
		{FF53BA83-5DF5-476F-B67F-8BDA4F6C9A78}.Debug|Any CPU.ActiveCfg = Debug|Any CPU
		{FF53BA83-5DF5-476F-B67F-8BDA4F6C9A78}.Debug|Any CPU.Build.0 = Debug|Any CPU
		{FF53BA83-5DF5-476F-B67F-8BDA4F6C9A78}.Release|Any CPU.ActiveCfg = Release|Any CPU
		{FF53BA83-5DF5-476F-B67F-8BDA4F6C9A78}.Release|Any CPU.Build.0 = Release|Any CPU
		{06414C59-1B13-46B1-ACD8-9241926781E8}.Debug|Any CPU.ActiveCfg = Debug|Any CPU
		{06414C59-1B13-46B1-ACD8-9241926781E8}.Debug|Any CPU.Build.0 = Debug|Any CPU
		{06414C59-1B13-46B1-ACD8-9241926781E8}.Release|Any CPU.ActiveCfg = Release|Any CPU
		{06414C59-1B13-46B1-ACD8-9241926781E8}.Release|Any CPU.Build.0 = Release|Any CPU
		{E25365F8-7A54-4DD2-B4CA-B792CA9B4B68}.Debug|Any CPU.ActiveCfg = Debug|Any CPU
		{E25365F8-7A54-4DD2-B4CA-B792CA9B4B68}.Debug|Any CPU.Build.0 = Debug|Any CPU
		{E25365F8-7A54-4DD2-B4CA-B792CA9B4B68}.Release|Any CPU.ActiveCfg = Release|Any CPU
		{E25365F8-7A54-4DD2-B4CA-B792CA9B4B68}.Release|Any CPU.Build.0 = Release|Any CPU
		{4F4B9E3A-61B7-44BC-9B71-535CF4E6C55B}.Debug|Any CPU.ActiveCfg = Debug|Any CPU
		{4F4B9E3A-61B7-44BC-9B71-535CF4E6C55B}.Debug|Any CPU.Build.0 = Debug|Any CPU
		{4F4B9E3A-61B7-44BC-9B71-535CF4E6C55B}.Release|Any CPU.ActiveCfg = Release|Any CPU
		{4F4B9E3A-61B7-44BC-9B71-535CF4E6C55B}.Release|Any CPU.Build.0 = Release|Any CPU
		{53908D37-306B-41FD-81EA-3322FB83D341}.Debug|Any CPU.ActiveCfg = Debug|Any CPU
		{53908D37-306B-41FD-81EA-3322FB83D341}.Debug|Any CPU.Build.0 = Debug|Any CPU
		{53908D37-306B-41FD-81EA-3322FB83D341}.Release|Any CPU.ActiveCfg = Release|Any CPU
		{53908D37-306B-41FD-81EA-3322FB83D341}.Release|Any CPU.Build.0 = Release|Any CPU
		{D2EE26D6-36D0-421D-8303-CDCE0415690A}.Debug|Any CPU.ActiveCfg = Debug|Any CPU
		{D2EE26D6-36D0-421D-8303-CDCE0415690A}.Debug|Any CPU.Build.0 = Debug|Any CPU
		{D2EE26D6-36D0-421D-8303-CDCE0415690A}.Release|Any CPU.ActiveCfg = Release|Any CPU
		{D2EE26D6-36D0-421D-8303-CDCE0415690A}.Release|Any CPU.Build.0 = Release|Any CPU
		{018EE734-540B-45F2-87C5-EF186641C6F1}.Debug|Any CPU.ActiveCfg = Debug|Any CPU
		{018EE734-540B-45F2-87C5-EF186641C6F1}.Debug|Any CPU.Build.0 = Debug|Any CPU
		{018EE734-540B-45F2-87C5-EF186641C6F1}.Release|Any CPU.ActiveCfg = Release|Any CPU
		{018EE734-540B-45F2-87C5-EF186641C6F1}.Release|Any CPU.Build.0 = Release|Any CPU
		{58CBC0E8-305C-4622-8DC1-D0341A74EB20}.Debug|Any CPU.ActiveCfg = Debug|Any CPU
		{58CBC0E8-305C-4622-8DC1-D0341A74EB20}.Debug|Any CPU.Build.0 = Debug|Any CPU
		{58CBC0E8-305C-4622-8DC1-D0341A74EB20}.Release|Any CPU.ActiveCfg = Release|Any CPU
		{58CBC0E8-305C-4622-8DC1-D0341A74EB20}.Release|Any CPU.Build.0 = Release|Any CPU
		{4BBAD3EC-57BA-4296-B4AE-D2044B891E64}.Debug|Any CPU.ActiveCfg = Debug|Any CPU
		{4BBAD3EC-57BA-4296-B4AE-D2044B891E64}.Debug|Any CPU.Build.0 = Debug|Any CPU
		{4BBAD3EC-57BA-4296-B4AE-D2044B891E64}.Release|Any CPU.ActiveCfg = Release|Any CPU
		{4BBAD3EC-57BA-4296-B4AE-D2044B891E64}.Release|Any CPU.Build.0 = Release|Any CPU
		{571ACAF4-2929-419C-82D4-C225D89759D4}.Debug|Any CPU.ActiveCfg = Debug|Any CPU
		{571ACAF4-2929-419C-82D4-C225D89759D4}.Debug|Any CPU.Build.0 = Debug|Any CPU
		{571ACAF4-2929-419C-82D4-C225D89759D4}.Release|Any CPU.ActiveCfg = Release|Any CPU
		{571ACAF4-2929-419C-82D4-C225D89759D4}.Release|Any CPU.Build.0 = Release|Any CPU
		{DC9934BA-D818-4D9F-BC80-0E69383D795D}.Debug|Any CPU.ActiveCfg = Debug|Any CPU
		{DC9934BA-D818-4D9F-BC80-0E69383D795D}.Debug|Any CPU.Build.0 = Debug|Any CPU
		{DC9934BA-D818-4D9F-BC80-0E69383D795D}.Release|Any CPU.ActiveCfg = Release|Any CPU
		{DC9934BA-D818-4D9F-BC80-0E69383D795D}.Release|Any CPU.Build.0 = Release|Any CPU
		{69599F85-2764-4A72-A25B-F94D3B06F634}.Debug|Any CPU.ActiveCfg = Debug|Any CPU
		{69599F85-2764-4A72-A25B-F94D3B06F634}.Debug|Any CPU.Build.0 = Debug|Any CPU
		{69599F85-2764-4A72-A25B-F94D3B06F634}.Release|Any CPU.ActiveCfg = Release|Any CPU
		{69599F85-2764-4A72-A25B-F94D3B06F634}.Release|Any CPU.Build.0 = Release|Any CPU
		{F6EB6557-AA26-43C8-90BC-FD655E1E345C}.Debug|Any CPU.ActiveCfg = Debug|Any CPU
		{F6EB6557-AA26-43C8-90BC-FD655E1E345C}.Debug|Any CPU.Build.0 = Debug|Any CPU
		{F6EB6557-AA26-43C8-90BC-FD655E1E345C}.Release|Any CPU.ActiveCfg = Release|Any CPU
		{F6EB6557-AA26-43C8-90BC-FD655E1E345C}.Release|Any CPU.Build.0 = Release|Any CPU
		{017FB9EA-EA41-45B9-9001-9F321F178D02}.Debug|Any CPU.ActiveCfg = Debug|Any CPU
		{017FB9EA-EA41-45B9-9001-9F321F178D02}.Debug|Any CPU.Build.0 = Debug|Any CPU
		{017FB9EA-EA41-45B9-9001-9F321F178D02}.Release|Any CPU.ActiveCfg = Release|Any CPU
		{017FB9EA-EA41-45B9-9001-9F321F178D02}.Release|Any CPU.Build.0 = Release|Any CPU
		{35768B89-5563-4127-BDB8-DB5343966CC9}.Debug|Any CPU.ActiveCfg = Debug|Any CPU
		{35768B89-5563-4127-BDB8-DB5343966CC9}.Debug|Any CPU.Build.0 = Debug|Any CPU
		{35768B89-5563-4127-BDB8-DB5343966CC9}.Release|Any CPU.ActiveCfg = Release|Any CPU
		{35768B89-5563-4127-BDB8-DB5343966CC9}.Release|Any CPU.Build.0 = Release|Any CPU
		{BE743F32-D94E-4813-BCD3-F4CC8907700C}.Debug|Any CPU.ActiveCfg = Debug|Any CPU
		{BE743F32-D94E-4813-BCD3-F4CC8907700C}.Debug|Any CPU.Build.0 = Debug|Any CPU
		{BE743F32-D94E-4813-BCD3-F4CC8907700C}.Release|Any CPU.ActiveCfg = Release|Any CPU
		{BE743F32-D94E-4813-BCD3-F4CC8907700C}.Release|Any CPU.Build.0 = Release|Any CPU
		{7E9E3D19-B96B-438B-B14A-F2DC8ED327B7}.Debug|Any CPU.ActiveCfg = Debug|Any CPU
		{7E9E3D19-B96B-438B-B14A-F2DC8ED327B7}.Debug|Any CPU.Build.0 = Debug|Any CPU
		{7E9E3D19-B96B-438B-B14A-F2DC8ED327B7}.Release|Any CPU.ActiveCfg = Release|Any CPU
		{7E9E3D19-B96B-438B-B14A-F2DC8ED327B7}.Release|Any CPU.Build.0 = Release|Any CPU
		{68E1C8B3-C978-406E-90A7-C289DFD94892}.Debug|Any CPU.ActiveCfg = Debug|Any CPU
		{68E1C8B3-C978-406E-90A7-C289DFD94892}.Debug|Any CPU.Build.0 = Debug|Any CPU
		{68E1C8B3-C978-406E-90A7-C289DFD94892}.Release|Any CPU.ActiveCfg = Release|Any CPU
		{68E1C8B3-C978-406E-90A7-C289DFD94892}.Release|Any CPU.Build.0 = Release|Any CPU
		{0F2EF7A4-9B84-4A89-B662-5BDB4F375847}.Debug|Any CPU.ActiveCfg = Debug|Any CPU
		{0F2EF7A4-9B84-4A89-B662-5BDB4F375847}.Debug|Any CPU.Build.0 = Debug|Any CPU
		{0F2EF7A4-9B84-4A89-B662-5BDB4F375847}.Release|Any CPU.ActiveCfg = Release|Any CPU
		{0F2EF7A4-9B84-4A89-B662-5BDB4F375847}.Release|Any CPU.Build.0 = Release|Any CPU
		{136B1658-23E2-4BFC-BE71-C9ABB4A69127}.Debug|Any CPU.ActiveCfg = Debug|Any CPU
		{136B1658-23E2-4BFC-BE71-C9ABB4A69127}.Debug|Any CPU.Build.0 = Debug|Any CPU
		{136B1658-23E2-4BFC-BE71-C9ABB4A69127}.Release|Any CPU.ActiveCfg = Release|Any CPU
		{136B1658-23E2-4BFC-BE71-C9ABB4A69127}.Release|Any CPU.Build.0 = Release|Any CPU
		{0D046367-3471-4A81-A5DF-3FD68334AC34}.Debug|Any CPU.ActiveCfg = Debug|Any CPU
		{0D046367-3471-4A81-A5DF-3FD68334AC34}.Debug|Any CPU.Build.0 = Debug|Any CPU
		{0D046367-3471-4A81-A5DF-3FD68334AC34}.Release|Any CPU.ActiveCfg = Release|Any CPU
		{0D046367-3471-4A81-A5DF-3FD68334AC34}.Release|Any CPU.Build.0 = Release|Any CPU
		{92D6F679-820F-4C7C-AB2E-B0D09D09C69B}.Debug|Any CPU.ActiveCfg = Debug|Any CPU
		{92D6F679-820F-4C7C-AB2E-B0D09D09C69B}.Debug|Any CPU.Build.0 = Debug|Any CPU
		{92D6F679-820F-4C7C-AB2E-B0D09D09C69B}.Release|Any CPU.ActiveCfg = Release|Any CPU
		{92D6F679-820F-4C7C-AB2E-B0D09D09C69B}.Release|Any CPU.Build.0 = Release|Any CPU
		{EFA298AD-B342-43D2-B743-E795DCEC95A8}.Debug|Any CPU.ActiveCfg = Debug|Any CPU
		{EFA298AD-B342-43D2-B743-E795DCEC95A8}.Debug|Any CPU.Build.0 = Debug|Any CPU
		{EFA298AD-B342-43D2-B743-E795DCEC95A8}.Release|Any CPU.ActiveCfg = Release|Any CPU
		{EFA298AD-B342-43D2-B743-E795DCEC95A8}.Release|Any CPU.Build.0 = Release|Any CPU
		{7E0F7FD4-0CB8-48A8-B1A0-0151FE6E5ECF}.Debug|Any CPU.ActiveCfg = Debug|Any CPU
		{7E0F7FD4-0CB8-48A8-B1A0-0151FE6E5ECF}.Debug|Any CPU.Build.0 = Debug|Any CPU
		{7E0F7FD4-0CB8-48A8-B1A0-0151FE6E5ECF}.Release|Any CPU.ActiveCfg = Release|Any CPU
		{7E0F7FD4-0CB8-48A8-B1A0-0151FE6E5ECF}.Release|Any CPU.Build.0 = Release|Any CPU
		{CB698C9F-AA09-46AE-9042-DC603E43EA55}.Debug|Any CPU.ActiveCfg = Debug|Any CPU
		{CB698C9F-AA09-46AE-9042-DC603E43EA55}.Debug|Any CPU.Build.0 = Debug|Any CPU
		{CB698C9F-AA09-46AE-9042-DC603E43EA55}.Release|Any CPU.ActiveCfg = Release|Any CPU
		{CB698C9F-AA09-46AE-9042-DC603E43EA55}.Release|Any CPU.Build.0 = Release|Any CPU
	EndGlobalSection
	GlobalSection(SolutionProperties) = preSolution
		HideSolutionNode = FALSE
	EndGlobalSection
EndGlobal
