
Microsoft Visual Studio Solution File, Format Version 12.00
# Visual Studio 2013
VisualStudioVersion = 12.0.31101.0
MinimumVisualStudioVersion = 10.0.40219.1
Project("{FAE04EC0-301F-11D3-BF4B-00C04F79EFBC}") = "task1", "lab6\task1.csproj", "{407E7144-315E-456E-AFB7-EC188BFCDB42}"
EndProject
Project("{FAE04EC0-301F-11D3-BF4B-00C04F79EFBC}") = "task2", "task2\task2.csproj", "{B2B3394B-8E05-465F-BA12-8D0506B290E5}"
EndProject
Project("{FAE04EC0-301F-11D3-BF4B-00C04F79EFBC}") = "task3", "lab3\task3.csproj", "{B8D7AB5F-CD81-44E0-9CAB-3F0D258DDB03}"
EndProject
Project("{FAE04EC0-301F-11D3-BF4B-00C04F79EFBC}") = "task4", "task4\task4.csproj", "{276B4D84-9D54-477A-AAC0-C624AD0C482F}"
EndProject
Project("{FAE04EC0-301F-11D3-BF4B-00C04F79EFBC}") = "task5", "task5\task5.csproj", "{94B171CB-7A35-41B6-AB91-35F50413561F}"
EndProject
Project("{FAE04EC0-301F-11D3-BF4B-00C04F79EFBC}") = "task6", "task6\task6.csproj", "{DC6547FE-DCC5-4C2B-B6DB-84FAA495DBA7}"
EndProject
Project("{FAE04EC0-301F-11D3-BF4B-00C04F79EFBC}") = "task7", "task7\task7.csproj", "{5786F387-424A-4539-896B-DC8ED1F551B5}"
EndProject
Project("{FAE04EC0-301F-11D3-BF4B-00C04F79EFBC}") = "task10", "task10\task10.csproj", "{BCDCB889-C302-4A1C-A6D7-1815D53088C3}"
EndProject
Project("{FAE04EC0-301F-11D3-BF4B-00C04F79EFBC}") = "task8", "task8\task8.csproj", "{C734C698-51DA-48AB-80AB-CFF7A8FB1AA6}"
EndProject
Project("{FAE04EC0-301F-11D3-BF4B-00C04F79EFBC}") = "task9", "task9\task9.csproj", "{6D5E85D6-AD74-41D3-8032-38D612BCA089}"
EndProject
Project("{FAE04EC0-301F-11D3-BF4B-00C04F79EFBC}") = "task11$", "task11$\task11$.csproj", "{573C499A-B0DD-41C6-949D-92BFAB3D8726}"
EndProject
Project("{FAE04EC0-301F-11D3-BF4B-00C04F79EFBC}") = "task12", "task12\task12.csproj", "{AB711B0E-D3C0-40B5-9090-8357B30A8B86}"
EndProject
Project("{FAE04EC0-301F-11D3-BF4B-00C04F79EFBC}") = "task13", "task13\task13.csproj", "{ADEB80E8-DD4E-45A6-BA1E-666116AE6BB8}"
EndProject
Project("{FAE04EC0-301F-11D3-BF4B-00C04F79EFBC}") = "task14", "task14\task14.csproj", "{C43DB7AA-B044-4640-BABE-5122FB66E247}"
EndProject
Project("{FAE04EC0-301F-11D3-BF4B-00C04F79EFBC}") = "task18", "task18\task18.csproj", "{51FF7004-ABD6-42F6-8881-CE3BB9B9A8E7}"
EndProject
Project("{FAE04EC0-301F-11D3-BF4B-00C04F79EFBC}") = "task19", "task19\task19.csproj", "{4D568EC7-1316-4156-BD91-864E0589EC50}"
EndProject
Project("{FAE04EC0-301F-11D3-BF4B-00C04F79EFBC}") = "task15", "task15\task15.csproj", "{175E86FD-4E62-49A2-8BE7-14179F52057F}"
EndProject
Project("{FAE04EC0-301F-11D3-BF4B-00C04F79EFBC}") = "task16", "task16\task16.csproj", "{7F9C2038-B173-463B-9087-1B0A6B63D32E}"
EndProject
Project("{FAE04EC0-301F-11D3-BF4B-00C04F79EFBC}") = "task17", "task17\task17.csproj", "{AF97E416-178A-4750-AC60-114EEE71A9CF}"
EndProject
Project("{FAE04EC0-301F-11D3-BF4B-00C04F79EFBC}") = "task20", "task20\task20.csproj", "{BAF15FC3-306F-4D4E-9C6E-15C89777E055}"
EndProject
Project("{FAE04EC0-301F-11D3-BF4B-00C04F79EFBC}") = "task21", "task21\task21.csproj", "{7D12271C-1492-4721-91B2-937AF7667960}"
EndProject
Project("{FAE04EC0-301F-11D3-BF4B-00C04F79EFBC}") = "task22", "task22\task22.csproj", "{A4A02B9E-5431-49A2-801A-D31229A5CD5C}"
EndProject
Project("{FAE04EC0-301F-11D3-BF4B-00C04F79EFBC}") = "task23", "task23\task23.csproj", "{29BF90F3-408E-4D21-90AD-D88F98C04499}"
EndProject
Project("{FAE04EC0-301F-11D3-BF4B-00C04F79EFBC}") = "task26", "task26\task26.csproj", "{FB6839AD-FEBA-47D5-972E-04B879776563}"
EndProject
Project("{FAE04EC0-301F-11D3-BF4B-00C04F79EFBC}") = "task27", "task27\task27.csproj", "{99D02A8F-7993-4D25-BAC5-48B0811D3672}"
EndProject
Project("{FAE04EC0-301F-11D3-BF4B-00C04F79EFBC}") = "task30", "task30\task30.csproj", "{367ED087-54CE-4EDE-963C-819424F2BF4C}"
EndProject
Global
	GlobalSection(SolutionConfigurationPlatforms) = preSolution
		Debug|Any CPU = Debug|Any CPU
		Release|Any CPU = Release|Any CPU
	EndGlobalSection
	GlobalSection(ProjectConfigurationPlatforms) = postSolution
		{407E7144-315E-456E-AFB7-EC188BFCDB42}.Debug|Any CPU.ActiveCfg = Debug|Any CPU
		{407E7144-315E-456E-AFB7-EC188BFCDB42}.Debug|Any CPU.Build.0 = Debug|Any CPU
		{407E7144-315E-456E-AFB7-EC188BFCDB42}.Release|Any CPU.ActiveCfg = Release|Any CPU
		{407E7144-315E-456E-AFB7-EC188BFCDB42}.Release|Any CPU.Build.0 = Release|Any CPU
		{B2B3394B-8E05-465F-BA12-8D0506B290E5}.Debug|Any CPU.ActiveCfg = Debug|Any CPU
		{B2B3394B-8E05-465F-BA12-8D0506B290E5}.Debug|Any CPU.Build.0 = Debug|Any CPU
		{B2B3394B-8E05-465F-BA12-8D0506B290E5}.Release|Any CPU.ActiveCfg = Release|Any CPU
		{B2B3394B-8E05-465F-BA12-8D0506B290E5}.Release|Any CPU.Build.0 = Release|Any CPU
		{B8D7AB5F-CD81-44E0-9CAB-3F0D258DDB03}.Debug|Any CPU.ActiveCfg = Debug|Any CPU
		{B8D7AB5F-CD81-44E0-9CAB-3F0D258DDB03}.Debug|Any CPU.Build.0 = Debug|Any CPU
		{B8D7AB5F-CD81-44E0-9CAB-3F0D258DDB03}.Release|Any CPU.ActiveCfg = Release|Any CPU
		{B8D7AB5F-CD81-44E0-9CAB-3F0D258DDB03}.Release|Any CPU.Build.0 = Release|Any CPU
		{276B4D84-9D54-477A-AAC0-C624AD0C482F}.Debug|Any CPU.ActiveCfg = Debug|Any CPU
		{276B4D84-9D54-477A-AAC0-C624AD0C482F}.Debug|Any CPU.Build.0 = Debug|Any CPU
		{276B4D84-9D54-477A-AAC0-C624AD0C482F}.Release|Any CPU.ActiveCfg = Release|Any CPU
		{276B4D84-9D54-477A-AAC0-C624AD0C482F}.Release|Any CPU.Build.0 = Release|Any CPU
		{94B171CB-7A35-41B6-AB91-35F50413561F}.Debug|Any CPU.ActiveCfg = Debug|Any CPU
		{94B171CB-7A35-41B6-AB91-35F50413561F}.Debug|Any CPU.Build.0 = Debug|Any CPU
		{94B171CB-7A35-41B6-AB91-35F50413561F}.Release|Any CPU.ActiveCfg = Release|Any CPU
		{94B171CB-7A35-41B6-AB91-35F50413561F}.Release|Any CPU.Build.0 = Release|Any CPU
		{DC6547FE-DCC5-4C2B-B6DB-84FAA495DBA7}.Debug|Any CPU.ActiveCfg = Debug|Any CPU
		{DC6547FE-DCC5-4C2B-B6DB-84FAA495DBA7}.Debug|Any CPU.Build.0 = Debug|Any CPU
		{DC6547FE-DCC5-4C2B-B6DB-84FAA495DBA7}.Release|Any CPU.ActiveCfg = Release|Any CPU
		{DC6547FE-DCC5-4C2B-B6DB-84FAA495DBA7}.Release|Any CPU.Build.0 = Release|Any CPU
		{5786F387-424A-4539-896B-DC8ED1F551B5}.Debug|Any CPU.ActiveCfg = Debug|Any CPU
		{5786F387-424A-4539-896B-DC8ED1F551B5}.Debug|Any CPU.Build.0 = Debug|Any CPU
		{5786F387-424A-4539-896B-DC8ED1F551B5}.Release|Any CPU.ActiveCfg = Release|Any CPU
		{5786F387-424A-4539-896B-DC8ED1F551B5}.Release|Any CPU.Build.0 = Release|Any CPU
		{BCDCB889-C302-4A1C-A6D7-1815D53088C3}.Debug|Any CPU.ActiveCfg = Debug|Any CPU
		{BCDCB889-C302-4A1C-A6D7-1815D53088C3}.Debug|Any CPU.Build.0 = Debug|Any CPU
		{BCDCB889-C302-4A1C-A6D7-1815D53088C3}.Release|Any CPU.ActiveCfg = Release|Any CPU
		{BCDCB889-C302-4A1C-A6D7-1815D53088C3}.Release|Any CPU.Build.0 = Release|Any CPU
		{C734C698-51DA-48AB-80AB-CFF7A8FB1AA6}.Debug|Any CPU.ActiveCfg = Debug|Any CPU
		{C734C698-51DA-48AB-80AB-CFF7A8FB1AA6}.Debug|Any CPU.Build.0 = Debug|Any CPU
		{C734C698-51DA-48AB-80AB-CFF7A8FB1AA6}.Release|Any CPU.ActiveCfg = Release|Any CPU
		{C734C698-51DA-48AB-80AB-CFF7A8FB1AA6}.Release|Any CPU.Build.0 = Release|Any CPU
		{6D5E85D6-AD74-41D3-8032-38D612BCA089}.Debug|Any CPU.ActiveCfg = Debug|Any CPU
		{6D5E85D6-AD74-41D3-8032-38D612BCA089}.Debug|Any CPU.Build.0 = Debug|Any CPU
		{6D5E85D6-AD74-41D3-8032-38D612BCA089}.Release|Any CPU.ActiveCfg = Release|Any CPU
		{6D5E85D6-AD74-41D3-8032-38D612BCA089}.Release|Any CPU.Build.0 = Release|Any CPU
		{573C499A-B0DD-41C6-949D-92BFAB3D8726}.Debug|Any CPU.ActiveCfg = Debug|Any CPU
		{573C499A-B0DD-41C6-949D-92BFAB3D8726}.Debug|Any CPU.Build.0 = Debug|Any CPU
		{573C499A-B0DD-41C6-949D-92BFAB3D8726}.Release|Any CPU.ActiveCfg = Release|Any CPU
		{573C499A-B0DD-41C6-949D-92BFAB3D8726}.Release|Any CPU.Build.0 = Release|Any CPU
		{AB711B0E-D3C0-40B5-9090-8357B30A8B86}.Debug|Any CPU.ActiveCfg = Debug|Any CPU
		{AB711B0E-D3C0-40B5-9090-8357B30A8B86}.Debug|Any CPU.Build.0 = Debug|Any CPU
		{AB711B0E-D3C0-40B5-9090-8357B30A8B86}.Release|Any CPU.ActiveCfg = Release|Any CPU
		{AB711B0E-D3C0-40B5-9090-8357B30A8B86}.Release|Any CPU.Build.0 = Release|Any CPU
		{ADEB80E8-DD4E-45A6-BA1E-666116AE6BB8}.Debug|Any CPU.ActiveCfg = Debug|Any CPU
		{ADEB80E8-DD4E-45A6-BA1E-666116AE6BB8}.Debug|Any CPU.Build.0 = Debug|Any CPU
		{ADEB80E8-DD4E-45A6-BA1E-666116AE6BB8}.Release|Any CPU.ActiveCfg = Release|Any CPU
		{ADEB80E8-DD4E-45A6-BA1E-666116AE6BB8}.Release|Any CPU.Build.0 = Release|Any CPU
		{C43DB7AA-B044-4640-BABE-5122FB66E247}.Debug|Any CPU.ActiveCfg = Debug|Any CPU
		{C43DB7AA-B044-4640-BABE-5122FB66E247}.Debug|Any CPU.Build.0 = Debug|Any CPU
		{C43DB7AA-B044-4640-BABE-5122FB66E247}.Release|Any CPU.ActiveCfg = Release|Any CPU
		{C43DB7AA-B044-4640-BABE-5122FB66E247}.Release|Any CPU.Build.0 = Release|Any CPU
		{51FF7004-ABD6-42F6-8881-CE3BB9B9A8E7}.Debug|Any CPU.ActiveCfg = Debug|Any CPU
		{51FF7004-ABD6-42F6-8881-CE3BB9B9A8E7}.Debug|Any CPU.Build.0 = Debug|Any CPU
		{51FF7004-ABD6-42F6-8881-CE3BB9B9A8E7}.Release|Any CPU.ActiveCfg = Release|Any CPU
		{51FF7004-ABD6-42F6-8881-CE3BB9B9A8E7}.Release|Any CPU.Build.0 = Release|Any CPU
		{4D568EC7-1316-4156-BD91-864E0589EC50}.Debug|Any CPU.ActiveCfg = Debug|Any CPU
		{4D568EC7-1316-4156-BD91-864E0589EC50}.Debug|Any CPU.Build.0 = Debug|Any CPU
		{4D568EC7-1316-4156-BD91-864E0589EC50}.Release|Any CPU.ActiveCfg = Release|Any CPU
		{4D568EC7-1316-4156-BD91-864E0589EC50}.Release|Any CPU.Build.0 = Release|Any CPU
		{175E86FD-4E62-49A2-8BE7-14179F52057F}.Debug|Any CPU.ActiveCfg = Debug|Any CPU
		{175E86FD-4E62-49A2-8BE7-14179F52057F}.Debug|Any CPU.Build.0 = Debug|Any CPU
		{175E86FD-4E62-49A2-8BE7-14179F52057F}.Release|Any CPU.ActiveCfg = Release|Any CPU
		{175E86FD-4E62-49A2-8BE7-14179F52057F}.Release|Any CPU.Build.0 = Release|Any CPU
		{7F9C2038-B173-463B-9087-1B0A6B63D32E}.Debug|Any CPU.ActiveCfg = Debug|Any CPU
		{7F9C2038-B173-463B-9087-1B0A6B63D32E}.Debug|Any CPU.Build.0 = Debug|Any CPU
		{7F9C2038-B173-463B-9087-1B0A6B63D32E}.Release|Any CPU.ActiveCfg = Release|Any CPU
		{7F9C2038-B173-463B-9087-1B0A6B63D32E}.Release|Any CPU.Build.0 = Release|Any CPU
		{AF97E416-178A-4750-AC60-114EEE71A9CF}.Debug|Any CPU.ActiveCfg = Debug|Any CPU
		{AF97E416-178A-4750-AC60-114EEE71A9CF}.Debug|Any CPU.Build.0 = Debug|Any CPU
		{AF97E416-178A-4750-AC60-114EEE71A9CF}.Release|Any CPU.ActiveCfg = Release|Any CPU
		{AF97E416-178A-4750-AC60-114EEE71A9CF}.Release|Any CPU.Build.0 = Release|Any CPU
		{BAF15FC3-306F-4D4E-9C6E-15C89777E055}.Debug|Any CPU.ActiveCfg = Debug|Any CPU
		{BAF15FC3-306F-4D4E-9C6E-15C89777E055}.Debug|Any CPU.Build.0 = Debug|Any CPU
		{BAF15FC3-306F-4D4E-9C6E-15C89777E055}.Release|Any CPU.ActiveCfg = Release|Any CPU
		{BAF15FC3-306F-4D4E-9C6E-15C89777E055}.Release|Any CPU.Build.0 = Release|Any CPU
		{7D12271C-1492-4721-91B2-937AF7667960}.Debug|Any CPU.ActiveCfg = Debug|Any CPU
		{7D12271C-1492-4721-91B2-937AF7667960}.Debug|Any CPU.Build.0 = Debug|Any CPU
		{7D12271C-1492-4721-91B2-937AF7667960}.Release|Any CPU.ActiveCfg = Release|Any CPU
		{7D12271C-1492-4721-91B2-937AF7667960}.Release|Any CPU.Build.0 = Release|Any CPU
		{A4A02B9E-5431-49A2-801A-D31229A5CD5C}.Debug|Any CPU.ActiveCfg = Debug|Any CPU
		{A4A02B9E-5431-49A2-801A-D31229A5CD5C}.Debug|Any CPU.Build.0 = Debug|Any CPU
		{A4A02B9E-5431-49A2-801A-D31229A5CD5C}.Release|Any CPU.ActiveCfg = Release|Any CPU
		{A4A02B9E-5431-49A2-801A-D31229A5CD5C}.Release|Any CPU.Build.0 = Release|Any CPU
		{29BF90F3-408E-4D21-90AD-D88F98C04499}.Debug|Any CPU.ActiveCfg = Debug|Any CPU
		{29BF90F3-408E-4D21-90AD-D88F98C04499}.Debug|Any CPU.Build.0 = Debug|Any CPU
		{29BF90F3-408E-4D21-90AD-D88F98C04499}.Release|Any CPU.ActiveCfg = Release|Any CPU
		{29BF90F3-408E-4D21-90AD-D88F98C04499}.Release|Any CPU.Build.0 = Release|Any CPU
		{FB6839AD-FEBA-47D5-972E-04B879776563}.Debug|Any CPU.ActiveCfg = Debug|Any CPU
		{FB6839AD-FEBA-47D5-972E-04B879776563}.Debug|Any CPU.Build.0 = Debug|Any CPU
		{FB6839AD-FEBA-47D5-972E-04B879776563}.Release|Any CPU.ActiveCfg = Release|Any CPU
		{FB6839AD-FEBA-47D5-972E-04B879776563}.Release|Any CPU.Build.0 = Release|Any CPU
		{99D02A8F-7993-4D25-BAC5-48B0811D3672}.Debug|Any CPU.ActiveCfg = Debug|Any CPU
		{99D02A8F-7993-4D25-BAC5-48B0811D3672}.Debug|Any CPU.Build.0 = Debug|Any CPU
		{99D02A8F-7993-4D25-BAC5-48B0811D3672}.Release|Any CPU.ActiveCfg = Release|Any CPU
		{99D02A8F-7993-4D25-BAC5-48B0811D3672}.Release|Any CPU.Build.0 = Release|Any CPU
		{367ED087-54CE-4EDE-963C-819424F2BF4C}.Debug|Any CPU.ActiveCfg = Debug|Any CPU
		{367ED087-54CE-4EDE-963C-819424F2BF4C}.Debug|Any CPU.Build.0 = Debug|Any CPU
		{367ED087-54CE-4EDE-963C-819424F2BF4C}.Release|Any CPU.ActiveCfg = Release|Any CPU
		{367ED087-54CE-4EDE-963C-819424F2BF4C}.Release|Any CPU.Build.0 = Release|Any CPU
	EndGlobalSection
	GlobalSection(SolutionProperties) = preSolution
		HideSolutionNode = FALSE
	EndGlobalSection
EndGlobal
