
Microsoft Visual Studio Solution File, Format Version 12.00
# Visual Studio Express 2012 for Windows Desktop
Project("{FAE04EC0-301F-11D3-BF4B-00C04F79EFBC}") = "task1", "lab5\task1.csproj", "{E791586C-44AE-4B8A-88CA-12227328C43D}"
EndProject
Project("{FAE04EC0-301F-11D3-BF4B-00C04F79EFBC}") = "task2", "task2\task2.csproj", "{4DD63726-C8F2-477E-8951-CEA07469A152}"
EndProject
Project("{FAE04EC0-301F-11D3-BF4B-00C04F79EFBC}") = "task3", "task3\task3.csproj", "{4A13A074-2AAA-45DA-A9CB-0E79EB64785E}"
EndProject
Project("{FAE04EC0-301F-11D3-BF4B-00C04F79EFBC}") = "task5", "task5\task5.csproj", "{6EBDFCC2-EFFA-47B6-8C81-ECC519F7C0DC}"
EndProject
Project("{FAE04EC0-301F-11D3-BF4B-00C04F79EFBC}") = "task4", "task4\task4.csproj", "{0E22CC54-7A40-4B4C-AD6D-030D27B72E47}"
EndProject
Project("{FAE04EC0-301F-11D3-BF4B-00C04F79EFBC}") = "task6", "task6\task6.csproj", "{935FC58D-E624-4754-BFB4-37B721AE5414}"
EndProject
Project("{FAE04EC0-301F-11D3-BF4B-00C04F79EFBC}") = "task11", "task11\task11.csproj", "{C045A0F5-90B9-41C7-A142-124F6F35CC17}"
EndProject
Project("{FAE04EC0-301F-11D3-BF4B-00C04F79EFBC}") = "task7", "task7\task7.csproj", "{F807F78A-A890-47B9-9D3F-C54A05A9BD66}"
EndProject
Project("{FAE04EC0-301F-11D3-BF4B-00C04F79EFBC}") = "task8", "task8\task8.csproj", "{9226CE23-6437-43CD-9EB1-6986CB73B0B3}"
EndProject
Project("{FAE04EC0-301F-11D3-BF4B-00C04F79EFBC}") = "task9", "task9\task9.csproj", "{9509281B-9951-4D7F-A305-A475A99E4E3D}"
EndProject
Project("{FAE04EC0-301F-11D3-BF4B-00C04F79EFBC}") = "task10", "task10\task10.csproj", "{65B92155-C654-417E-8922-102F803808BA}"
EndProject
Project("{FAE04EC0-301F-11D3-BF4B-00C04F79EFBC}") = "task12", "task12\task12.csproj", "{D6F57652-63D1-4DD5-B69A-CA0A8B4DE59F}"
EndProject
Project("{FAE04EC0-301F-11D3-BF4B-00C04F79EFBC}") = "task13", "task13\task13.csproj", "{46B796FA-7874-4971-B26E-83578B88603B}"
EndProject
Project("{FAE04EC0-301F-11D3-BF4B-00C04F79EFBC}") = "task14", "task14\task14.csproj", "{04D8839C-42B3-4D57-9DFF-F5E98845DFE9}"
EndProject
Project("{FAE04EC0-301F-11D3-BF4B-00C04F79EFBC}") = "task15", "task16\task15.csproj", "{C1811DD8-ADE7-4E2C-9177-F103227D1193}"
EndProject
Project("{FAE04EC0-301F-11D3-BF4B-00C04F79EFBC}") = "task16", "task17\task16.csproj", "{F9582F1C-97B7-4DBB-A50B-8AFBA13072F5}"
EndProject
Project("{FAE04EC0-301F-11D3-BF4B-00C04F79EFBC}") = "task17", "task18\task17.csproj", "{3289714B-47D5-4E5B-AF26-572D629E74C5}"
EndProject
Project("{FAE04EC0-301F-11D3-BF4B-00C04F79EFBC}") = "task18", "task19\task18.csproj", "{D587165A-F25A-42FC-9A5B-260EC7C0AA9E}"
EndProject
Project("{FAE04EC0-301F-11D3-BF4B-00C04F79EFBC}") = "task19", "task20\task19.csproj", "{22A76895-25E1-4B11-8C1F-A25412D384D1}"
EndProject
Project("{FAE04EC0-301F-11D3-BF4B-00C04F79EFBC}") = "task20^", "task20^\task20^.csproj", "{6143806F-02EE-46C6-8F29-09378B2E1BEB}"
EndProject
Project("{FAE04EC0-301F-11D3-BF4B-00C04F79EFBC}") = "task21", "task21\task21.csproj", "{17228C83-34B5-4302-A37E-699E282CCE4F}"
EndProject
Project("{FAE04EC0-301F-11D3-BF4B-00C04F79EFBC}") = "task22", "task22\task22.csproj", "{F8CE19F4-358E-4ECA-AB48-556D25071938}"
EndProject
Project("{FAE04EC0-301F-11D3-BF4B-00C04F79EFBC}") = "task23", "task23\task23.csproj", "{416B8137-06C2-49C4-909B-EC75328CAAA9}"
EndProject
Project("{FAE04EC0-301F-11D3-BF4B-00C04F79EFBC}") = "task24", "task24\task24.csproj", "{EF59002B-6905-4444-BF2E-7D753E97127B}"
EndProject
Project("{FAE04EC0-301F-11D3-BF4B-00C04F79EFBC}") = "task25", "task25\task25.csproj", "{63FBEED3-BA3D-472E-AE13-01D1FB7D8664}"
EndProject
Project("{FAE04EC0-301F-11D3-BF4B-00C04F79EFBC}") = "task26", "task26\task26.csproj", "{64285D97-7108-44D7-9179-8D4698D19CE6}"
EndProject
Project("{FAE04EC0-301F-11D3-BF4B-00C04F79EFBC}") = "task27", "task27\task27.csproj", "{9FB7FA72-6600-4417-A56A-31FE52CDAF0C}"
EndProject
Project("{FAE04EC0-301F-11D3-BF4B-00C04F79EFBC}") = "task28", "task28\task28.csproj", "{4A9D0196-49ED-428B-97A0-06FFEBBE5427}"
EndProject
Project("{FAE04EC0-301F-11D3-BF4B-00C04F79EFBC}") = "task29", "task29\task29.csproj", "{6E6C1885-0472-42F0-9C99-0B336C6F345D}"
EndProject
Project("{FAE04EC0-301F-11D3-BF4B-00C04F79EFBC}") = "task30", "task30\task30.csproj", "{6A948EEB-F89A-4FFB-B074-91FCF3E7D33E}"
EndProject
Global
	GlobalSection(SolutionConfigurationPlatforms) = preSolution
		Debug|Any CPU = Debug|Any CPU
		Release|Any CPU = Release|Any CPU
	EndGlobalSection
	GlobalSection(ProjectConfigurationPlatforms) = postSolution
		{E791586C-44AE-4B8A-88CA-12227328C43D}.Debug|Any CPU.ActiveCfg = Debug|Any CPU
		{E791586C-44AE-4B8A-88CA-12227328C43D}.Debug|Any CPU.Build.0 = Debug|Any CPU
		{E791586C-44AE-4B8A-88CA-12227328C43D}.Release|Any CPU.ActiveCfg = Release|Any CPU
		{E791586C-44AE-4B8A-88CA-12227328C43D}.Release|Any CPU.Build.0 = Release|Any CPU
		{4DD63726-C8F2-477E-8951-CEA07469A152}.Debug|Any CPU.ActiveCfg = Debug|Any CPU
		{4DD63726-C8F2-477E-8951-CEA07469A152}.Debug|Any CPU.Build.0 = Debug|Any CPU
		{4DD63726-C8F2-477E-8951-CEA07469A152}.Release|Any CPU.ActiveCfg = Release|Any CPU
		{4DD63726-C8F2-477E-8951-CEA07469A152}.Release|Any CPU.Build.0 = Release|Any CPU
		{4A13A074-2AAA-45DA-A9CB-0E79EB64785E}.Debug|Any CPU.ActiveCfg = Debug|Any CPU
		{4A13A074-2AAA-45DA-A9CB-0E79EB64785E}.Debug|Any CPU.Build.0 = Debug|Any CPU
		{4A13A074-2AAA-45DA-A9CB-0E79EB64785E}.Release|Any CPU.ActiveCfg = Release|Any CPU
		{4A13A074-2AAA-45DA-A9CB-0E79EB64785E}.Release|Any CPU.Build.0 = Release|Any CPU
		{6EBDFCC2-EFFA-47B6-8C81-ECC519F7C0DC}.Debug|Any CPU.ActiveCfg = Debug|Any CPU
		{6EBDFCC2-EFFA-47B6-8C81-ECC519F7C0DC}.Debug|Any CPU.Build.0 = Debug|Any CPU
		{6EBDFCC2-EFFA-47B6-8C81-ECC519F7C0DC}.Release|Any CPU.ActiveCfg = Release|Any CPU
		{6EBDFCC2-EFFA-47B6-8C81-ECC519F7C0DC}.Release|Any CPU.Build.0 = Release|Any CPU
		{0E22CC54-7A40-4B4C-AD6D-030D27B72E47}.Debug|Any CPU.ActiveCfg = Debug|Any CPU
		{0E22CC54-7A40-4B4C-AD6D-030D27B72E47}.Debug|Any CPU.Build.0 = Debug|Any CPU
		{0E22CC54-7A40-4B4C-AD6D-030D27B72E47}.Release|Any CPU.ActiveCfg = Release|Any CPU
		{0E22CC54-7A40-4B4C-AD6D-030D27B72E47}.Release|Any CPU.Build.0 = Release|Any CPU
		{935FC58D-E624-4754-BFB4-37B721AE5414}.Debug|Any CPU.ActiveCfg = Debug|Any CPU
		{935FC58D-E624-4754-BFB4-37B721AE5414}.Debug|Any CPU.Build.0 = Debug|Any CPU
		{935FC58D-E624-4754-BFB4-37B721AE5414}.Release|Any CPU.ActiveCfg = Release|Any CPU
		{935FC58D-E624-4754-BFB4-37B721AE5414}.Release|Any CPU.Build.0 = Release|Any CPU
		{C045A0F5-90B9-41C7-A142-124F6F35CC17}.Debug|Any CPU.ActiveCfg = Debug|Any CPU
		{C045A0F5-90B9-41C7-A142-124F6F35CC17}.Debug|Any CPU.Build.0 = Debug|Any CPU
		{C045A0F5-90B9-41C7-A142-124F6F35CC17}.Release|Any CPU.ActiveCfg = Release|Any CPU
		{C045A0F5-90B9-41C7-A142-124F6F35CC17}.Release|Any CPU.Build.0 = Release|Any CPU
		{F807F78A-A890-47B9-9D3F-C54A05A9BD66}.Debug|Any CPU.ActiveCfg = Debug|Any CPU
		{F807F78A-A890-47B9-9D3F-C54A05A9BD66}.Debug|Any CPU.Build.0 = Debug|Any CPU
		{F807F78A-A890-47B9-9D3F-C54A05A9BD66}.Release|Any CPU.ActiveCfg = Release|Any CPU
		{F807F78A-A890-47B9-9D3F-C54A05A9BD66}.Release|Any CPU.Build.0 = Release|Any CPU
		{9226CE23-6437-43CD-9EB1-6986CB73B0B3}.Debug|Any CPU.ActiveCfg = Debug|Any CPU
		{9226CE23-6437-43CD-9EB1-6986CB73B0B3}.Debug|Any CPU.Build.0 = Debug|Any CPU
		{9226CE23-6437-43CD-9EB1-6986CB73B0B3}.Release|Any CPU.ActiveCfg = Release|Any CPU
		{9226CE23-6437-43CD-9EB1-6986CB73B0B3}.Release|Any CPU.Build.0 = Release|Any CPU
		{9509281B-9951-4D7F-A305-A475A99E4E3D}.Debug|Any CPU.ActiveCfg = Debug|Any CPU
		{9509281B-9951-4D7F-A305-A475A99E4E3D}.Debug|Any CPU.Build.0 = Debug|Any CPU
		{9509281B-9951-4D7F-A305-A475A99E4E3D}.Release|Any CPU.ActiveCfg = Release|Any CPU
		{9509281B-9951-4D7F-A305-A475A99E4E3D}.Release|Any CPU.Build.0 = Release|Any CPU
		{65B92155-C654-417E-8922-102F803808BA}.Debug|Any CPU.ActiveCfg = Debug|Any CPU
		{65B92155-C654-417E-8922-102F803808BA}.Debug|Any CPU.Build.0 = Debug|Any CPU
		{65B92155-C654-417E-8922-102F803808BA}.Release|Any CPU.ActiveCfg = Release|Any CPU
		{65B92155-C654-417E-8922-102F803808BA}.Release|Any CPU.Build.0 = Release|Any CPU
		{D6F57652-63D1-4DD5-B69A-CA0A8B4DE59F}.Debug|Any CPU.ActiveCfg = Debug|Any CPU
		{D6F57652-63D1-4DD5-B69A-CA0A8B4DE59F}.Debug|Any CPU.Build.0 = Debug|Any CPU
		{D6F57652-63D1-4DD5-B69A-CA0A8B4DE59F}.Release|Any CPU.ActiveCfg = Release|Any CPU
		{D6F57652-63D1-4DD5-B69A-CA0A8B4DE59F}.Release|Any CPU.Build.0 = Release|Any CPU
		{46B796FA-7874-4971-B26E-83578B88603B}.Debug|Any CPU.ActiveCfg = Debug|Any CPU
		{46B796FA-7874-4971-B26E-83578B88603B}.Debug|Any CPU.Build.0 = Debug|Any CPU
		{46B796FA-7874-4971-B26E-83578B88603B}.Release|Any CPU.ActiveCfg = Release|Any CPU
		{46B796FA-7874-4971-B26E-83578B88603B}.Release|Any CPU.Build.0 = Release|Any CPU
		{04D8839C-42B3-4D57-9DFF-F5E98845DFE9}.Debug|Any CPU.ActiveCfg = Debug|Any CPU
		{04D8839C-42B3-4D57-9DFF-F5E98845DFE9}.Debug|Any CPU.Build.0 = Debug|Any CPU
		{04D8839C-42B3-4D57-9DFF-F5E98845DFE9}.Release|Any CPU.ActiveCfg = Release|Any CPU
		{04D8839C-42B3-4D57-9DFF-F5E98845DFE9}.Release|Any CPU.Build.0 = Release|Any CPU
		{C1811DD8-ADE7-4E2C-9177-F103227D1193}.Debug|Any CPU.ActiveCfg = Debug|Any CPU
		{C1811DD8-ADE7-4E2C-9177-F103227D1193}.Debug|Any CPU.Build.0 = Debug|Any CPU
		{C1811DD8-ADE7-4E2C-9177-F103227D1193}.Release|Any CPU.ActiveCfg = Release|Any CPU
		{C1811DD8-ADE7-4E2C-9177-F103227D1193}.Release|Any CPU.Build.0 = Release|Any CPU
		{F9582F1C-97B7-4DBB-A50B-8AFBA13072F5}.Debug|Any CPU.ActiveCfg = Debug|Any CPU
		{F9582F1C-97B7-4DBB-A50B-8AFBA13072F5}.Debug|Any CPU.Build.0 = Debug|Any CPU
		{F9582F1C-97B7-4DBB-A50B-8AFBA13072F5}.Release|Any CPU.ActiveCfg = Release|Any CPU
		{F9582F1C-97B7-4DBB-A50B-8AFBA13072F5}.Release|Any CPU.Build.0 = Release|Any CPU
		{3289714B-47D5-4E5B-AF26-572D629E74C5}.Debug|Any CPU.ActiveCfg = Debug|Any CPU
		{3289714B-47D5-4E5B-AF26-572D629E74C5}.Debug|Any CPU.Build.0 = Debug|Any CPU
		{3289714B-47D5-4E5B-AF26-572D629E74C5}.Release|Any CPU.ActiveCfg = Release|Any CPU
		{3289714B-47D5-4E5B-AF26-572D629E74C5}.Release|Any CPU.Build.0 = Release|Any CPU
		{D587165A-F25A-42FC-9A5B-260EC7C0AA9E}.Debug|Any CPU.ActiveCfg = Debug|Any CPU
		{D587165A-F25A-42FC-9A5B-260EC7C0AA9E}.Debug|Any CPU.Build.0 = Debug|Any CPU
		{D587165A-F25A-42FC-9A5B-260EC7C0AA9E}.Release|Any CPU.ActiveCfg = Release|Any CPU
		{D587165A-F25A-42FC-9A5B-260EC7C0AA9E}.Release|Any CPU.Build.0 = Release|Any CPU
		{22A76895-25E1-4B11-8C1F-A25412D384D1}.Debug|Any CPU.ActiveCfg = Debug|Any CPU
		{22A76895-25E1-4B11-8C1F-A25412D384D1}.Debug|Any CPU.Build.0 = Debug|Any CPU
		{22A76895-25E1-4B11-8C1F-A25412D384D1}.Release|Any CPU.ActiveCfg = Release|Any CPU
		{22A76895-25E1-4B11-8C1F-A25412D384D1}.Release|Any CPU.Build.0 = Release|Any CPU
		{6143806F-02EE-46C6-8F29-09378B2E1BEB}.Debug|Any CPU.ActiveCfg = Debug|Any CPU
		{6143806F-02EE-46C6-8F29-09378B2E1BEB}.Debug|Any CPU.Build.0 = Debug|Any CPU
		{6143806F-02EE-46C6-8F29-09378B2E1BEB}.Release|Any CPU.ActiveCfg = Release|Any CPU
		{6143806F-02EE-46C6-8F29-09378B2E1BEB}.Release|Any CPU.Build.0 = Release|Any CPU
		{17228C83-34B5-4302-A37E-699E282CCE4F}.Debug|Any CPU.ActiveCfg = Debug|Any CPU
		{17228C83-34B5-4302-A37E-699E282CCE4F}.Debug|Any CPU.Build.0 = Debug|Any CPU
		{17228C83-34B5-4302-A37E-699E282CCE4F}.Release|Any CPU.ActiveCfg = Release|Any CPU
		{17228C83-34B5-4302-A37E-699E282CCE4F}.Release|Any CPU.Build.0 = Release|Any CPU
		{F8CE19F4-358E-4ECA-AB48-556D25071938}.Debug|Any CPU.ActiveCfg = Debug|Any CPU
		{F8CE19F4-358E-4ECA-AB48-556D25071938}.Debug|Any CPU.Build.0 = Debug|Any CPU
		{F8CE19F4-358E-4ECA-AB48-556D25071938}.Release|Any CPU.ActiveCfg = Release|Any CPU
		{F8CE19F4-358E-4ECA-AB48-556D25071938}.Release|Any CPU.Build.0 = Release|Any CPU
		{416B8137-06C2-49C4-909B-EC75328CAAA9}.Debug|Any CPU.ActiveCfg = Debug|Any CPU
		{416B8137-06C2-49C4-909B-EC75328CAAA9}.Debug|Any CPU.Build.0 = Debug|Any CPU
		{416B8137-06C2-49C4-909B-EC75328CAAA9}.Release|Any CPU.ActiveCfg = Release|Any CPU
		{416B8137-06C2-49C4-909B-EC75328CAAA9}.Release|Any CPU.Build.0 = Release|Any CPU
		{EF59002B-6905-4444-BF2E-7D753E97127B}.Debug|Any CPU.ActiveCfg = Debug|Any CPU
		{EF59002B-6905-4444-BF2E-7D753E97127B}.Debug|Any CPU.Build.0 = Debug|Any CPU
		{EF59002B-6905-4444-BF2E-7D753E97127B}.Release|Any CPU.ActiveCfg = Release|Any CPU
		{EF59002B-6905-4444-BF2E-7D753E97127B}.Release|Any CPU.Build.0 = Release|Any CPU
		{63FBEED3-BA3D-472E-AE13-01D1FB7D8664}.Debug|Any CPU.ActiveCfg = Debug|Any CPU
		{63FBEED3-BA3D-472E-AE13-01D1FB7D8664}.Debug|Any CPU.Build.0 = Debug|Any CPU
		{63FBEED3-BA3D-472E-AE13-01D1FB7D8664}.Release|Any CPU.ActiveCfg = Release|Any CPU
		{63FBEED3-BA3D-472E-AE13-01D1FB7D8664}.Release|Any CPU.Build.0 = Release|Any CPU
		{64285D97-7108-44D7-9179-8D4698D19CE6}.Debug|Any CPU.ActiveCfg = Debug|Any CPU
		{64285D97-7108-44D7-9179-8D4698D19CE6}.Debug|Any CPU.Build.0 = Debug|Any CPU
		{64285D97-7108-44D7-9179-8D4698D19CE6}.Release|Any CPU.ActiveCfg = Release|Any CPU
		{64285D97-7108-44D7-9179-8D4698D19CE6}.Release|Any CPU.Build.0 = Release|Any CPU
		{9FB7FA72-6600-4417-A56A-31FE52CDAF0C}.Debug|Any CPU.ActiveCfg = Debug|Any CPU
		{9FB7FA72-6600-4417-A56A-31FE52CDAF0C}.Debug|Any CPU.Build.0 = Debug|Any CPU
		{9FB7FA72-6600-4417-A56A-31FE52CDAF0C}.Release|Any CPU.ActiveCfg = Release|Any CPU
		{9FB7FA72-6600-4417-A56A-31FE52CDAF0C}.Release|Any CPU.Build.0 = Release|Any CPU
		{4A9D0196-49ED-428B-97A0-06FFEBBE5427}.Debug|Any CPU.ActiveCfg = Debug|Any CPU
		{4A9D0196-49ED-428B-97A0-06FFEBBE5427}.Debug|Any CPU.Build.0 = Debug|Any CPU
		{4A9D0196-49ED-428B-97A0-06FFEBBE5427}.Release|Any CPU.ActiveCfg = Release|Any CPU
		{4A9D0196-49ED-428B-97A0-06FFEBBE5427}.Release|Any CPU.Build.0 = Release|Any CPU
		{6E6C1885-0472-42F0-9C99-0B336C6F345D}.Debug|Any CPU.ActiveCfg = Debug|Any CPU
		{6E6C1885-0472-42F0-9C99-0B336C6F345D}.Debug|Any CPU.Build.0 = Debug|Any CPU
		{6E6C1885-0472-42F0-9C99-0B336C6F345D}.Release|Any CPU.ActiveCfg = Release|Any CPU
		{6E6C1885-0472-42F0-9C99-0B336C6F345D}.Release|Any CPU.Build.0 = Release|Any CPU
		{6A948EEB-F89A-4FFB-B074-91FCF3E7D33E}.Debug|Any CPU.ActiveCfg = Debug|Any CPU
		{6A948EEB-F89A-4FFB-B074-91FCF3E7D33E}.Debug|Any CPU.Build.0 = Debug|Any CPU
		{6A948EEB-F89A-4FFB-B074-91FCF3E7D33E}.Release|Any CPU.ActiveCfg = Release|Any CPU
		{6A948EEB-F89A-4FFB-B074-91FCF3E7D33E}.Release|Any CPU.Build.0 = Release|Any CPU
	EndGlobalSection
	GlobalSection(SolutionProperties) = preSolution
		HideSolutionNode = FALSE
	EndGlobalSection
EndGlobal
